{
  "version": 4,
  "terraform_version": "1.3.7",
  "serial": 4,
  "lineage": "4cb20796-c818-5a5b-15c1-d4b93f8bb59c",
  "outputs": {
    "access_key": {
      "value": "AKIAXRLUO5YSJWUDISWS",
      "type": "string"
    },
    "secret_key": {
      "value": "iqZDXLGXz2wbpc5uhtxmz0RkaivPNzUyjvGsXgVj",
      "type": "string",
      "sensitive": true
    }
  },
  "resources": [
    {
      "mode": "managed",
      "type": "aws_iam_access_key",
      "name": "key",
      "provider": "provider[\"registry.terraform.io/hashicorp/aws\"]",
      "instances": [
        {
          "schema_version": 0,
          "attributes": {
            "create_date": "2023-01-12T16:56:49Z",
            "encrypted_secret": null,
            "encrypted_ses_smtp_password_v4": null,
            "id": "AKIAXRLUO5YSJWUDISWS",
            "key_fingerprint": null,
            "pgp_key": null,
            "secret": "iqZDXLGXz2wbpc5uhtxmz0RkaivPNzUyjvGsXgVj",
            "ses_smtp_password_v4": "BA3FPqdfPcAzAT9FRAKgQ+aUTMzCiHsQBdk2MTADHZ+7",
            "status": "Active",
            "user": "Linux"
          },
          "sensitive_attributes": [],
          "private": "bnVsbA==",
          "dependencies": [
            "aws_iam_user.demo_user"
          ]
        }
      ]
    },
    {
      "mode": "managed",
      "type": "aws_iam_user",
      "name": "demo_user",
      "provider": "provider[\"registry.terraform.io/hashicorp/aws\"]",
      "instances": [
        {
          "schema_version": 0,
          "attributes": {
            "arn": "arn:aws:iam::518324678180:user/Linux",
            "force_destroy": false,
            "id": "Linux",
            "name": "Linux",
            "path": "/",
            "permissions_boundary": null,
            "tags": null,
            "tags_all": {},
            "unique_id": "AIDAXRLUO5YSIMPC7D2AC"
          },
          "sensitive_attributes": [],
          "private": "bnVsbA=="
        }
      ]
    },
    {
      "mode": "managed",
      "type": "aws_iam_user_policy",
      "name": "iam",
      "provider": "provider[\"registry.terraform.io/hashicorp/aws\"]",
      "instances": [
        {
          "schema_version": 0,
          "attributes": {
            "id": "Linux:demo_policy",
            "name": "demo_policy",
            "name_prefix": null,
            "policy": "{\"Statement\":[{\"Action\":\"s3:ListAllMyBuckets\",\"Effect\":\"Allow\",\"Resource\":\"*\"}],\"Version\":\"2012-10-17\"}",
            "user": "Linux"
          },
          "sensitive_attributes": [],
          "private": "bnVsbA==",
          "dependencies": [
            "aws_iam_user.demo_user"
          ]
        }
      ]
    }
  ],
  "check_results": null
}
